
Microsoft Visual Studio Solution File, Format Version 12.00
# Visual Studio Version 17
VisualStudioVersion = 17.13.35931.197 d17.13
MinimumVisualStudioVersion = 10.0.40219.1
Project("{FAE04EC0-301F-11D3-BF4B-00C04F79EFBC}") = "WindowsForms", "WindowsForms\WindowsForms.csproj", "{76060238-4C46-4391-81EB-9EDDD0A81BDD}"
EndProject
Global
	GlobalSection(SolutionConfigurationPlatforms) = preSolution
		Debug|Any CPU = Debug|Any CPU
		Release|Any CPU = Release|Any CPU
	EndGlobalSection
	GlobalSection(ProjectConfigurationPlatforms) = postSolution
		{76060238-4C46-4391-81EB-9EDDD0A81BDD}.Debug|Any CPU.ActiveCfg = Debug|Any CPU
		{76060238-4C46-4391-81EB-9EDDD0A81BDD}.Debug|Any CPU.Build.0 = Debug|Any CPU
		{76060238-4C46-4391-81EB-9EDDD0A81BDD}.Release|Any CPU.ActiveCfg = Release|Any CPU
		{76060238-4C46-4391-81EB-9EDDD0A81BDD}.Release|Any CPU.Build.0 = Release|Any CPU
	EndGlobalSection
	GlobalSection(SolutionProperties) = preSolution
		HideSolutionNode = FALSE
	EndGlobalSection
	GlobalSection(ExtensibilityGlobals) = postSolution
		SolutionGuid = {DA1F6694-65B9-4826-A5F3-3D4B927BBBE3}
	EndGlobalSection
EndGlobal
