
Microsoft Visual Studio Solution File, Format Version 12.00
# Visual Studio Version 17
VisualStudioVersion = 17.13.35931.197
MinimumVisualStudioVersion = 10.0.40219.1
Project("{FAE04EC0-301F-11D3-BF4B-00C04F79EFBC}") = "WindowsForms", "WindowsForms\WindowsForms.csproj", "{76060238-4C46-4391-81EB-9EDDD0A81BDD}"
EndProject
Project("{FAE04EC0-301F-11D3-BF4B-00C04F79EFBC}") = "Domain.Model", "Domain.Model\Domain.Model.csproj", "{AA7618E4-692F-4953-8EA1-141B6E1359CB}"
EndProject
Project("{FAE04EC0-301F-11D3-BF4B-00C04F79EFBC}") = "DTOs", "DTOs\DTOs.csproj", "{8F09293E-2213-4AE5-936A-0EE53E6F1FC4}"
EndProject
Project("{FAE04EC0-301F-11D3-BF4B-00C04F79EFBC}") = "Data", "Data\Data.csproj", "{E2FF0281-DF3F-4BA3-9592-62E33C061E32}"
EndProject
Project("{FAE04EC0-301F-11D3-BF4B-00C04F79EFBC}") = "Application.Services", "Application.Services\Application.Services.csproj", "{FD398CC4-9DA0-4921-86F8-AB1EF17E56A4}"
EndProject
Project("{FAE04EC0-301F-11D3-BF4B-00C04F79EFBC}") = "API.Clients", "API.Clients\API.Clients.csproj", "{560D65A0-5241-4279-882B-936CF58F30B5}"
EndProject
Project("{FAE04EC0-301F-11D3-BF4B-00C04F79EFBC}") = "WebAPI", "WebAPI\WebAPI.csproj", "{6DA151B6-65C3-4AA4-BA52-D03F96262622}"
EndProject
Project("{FAE04EC0-301F-11D3-BF4B-00C04F79EFBC}") = "Carpooling.Blazor", "Carpooling.Blazor\Carpooling.Blazor.csproj", "{B8E9744C-4B51-4D7A-BF01-4D72E62CA346}"
EndProject
Project("{FAE04EC0-301F-11D3-BF4B-00C04F79EFBC}") = "API.Auth.Blazor", "API.Auth.Blazor\API.Auth.Blazor.csproj", "{F1F54627-2DB4-48FB-B02A-85C84548AED5}"
EndProject
Project("{FAE04EC0-301F-11D3-BF4B-00C04F79EFBC}") = "API.Auth.WindowsForms", "API.Auth.WindowsForms\API.Auth.WindowsForms.csproj", "{F370F4A3-A510-49B8-87BE-C3F8ADD29819}"
EndProject
Global
	GlobalSection(SolutionConfigurationPlatforms) = preSolution
		Debug|Any CPU = Debug|Any CPU
		Release|Any CPU = Release|Any CPU
	EndGlobalSection
	GlobalSection(ProjectConfigurationPlatforms) = postSolution
		{76060238-4C46-4391-81EB-9EDDD0A81BDD}.Debug|Any CPU.ActiveCfg = Debug|Any CPU
		{76060238-4C46-4391-81EB-9EDDD0A81BDD}.Debug|Any CPU.Build.0 = Debug|Any CPU
		{76060238-4C46-4391-81EB-9EDDD0A81BDD}.Release|Any CPU.ActiveCfg = Release|Any CPU
		{76060238-4C46-4391-81EB-9EDDD0A81BDD}.Release|Any CPU.Build.0 = Release|Any CPU
		{AA7618E4-692F-4953-8EA1-141B6E1359CB}.Debug|Any CPU.ActiveCfg = Debug|Any CPU
		{AA7618E4-692F-4953-8EA1-141B6E1359CB}.Debug|Any CPU.Build.0 = Debug|Any CPU
		{AA7618E4-692F-4953-8EA1-141B6E1359CB}.Release|Any CPU.ActiveCfg = Release|Any CPU
		{AA7618E4-692F-4953-8EA1-141B6E1359CB}.Release|Any CPU.Build.0 = Release|Any CPU
		{8F09293E-2213-4AE5-936A-0EE53E6F1FC4}.Debug|Any CPU.ActiveCfg = Debug|Any CPU
		{8F09293E-2213-4AE5-936A-0EE53E6F1FC4}.Debug|Any CPU.Build.0 = Debug|Any CPU
		{8F09293E-2213-4AE5-936A-0EE53E6F1FC4}.Release|Any CPU.ActiveCfg = Release|Any CPU
		{8F09293E-2213-4AE5-936A-0EE53E6F1FC4}.Release|Any CPU.Build.0 = Release|Any CPU
		{E2FF0281-DF3F-4BA3-9592-62E33C061E32}.Debug|Any CPU.ActiveCfg = Debug|Any CPU
		{E2FF0281-DF3F-4BA3-9592-62E33C061E32}.Debug|Any CPU.Build.0 = Debug|Any CPU
		{E2FF0281-DF3F-4BA3-9592-62E33C061E32}.Release|Any CPU.ActiveCfg = Release|Any CPU
		{E2FF0281-DF3F-4BA3-9592-62E33C061E32}.Release|Any CPU.Build.0 = Release|Any CPU
		{FD398CC4-9DA0-4921-86F8-AB1EF17E56A4}.Debug|Any CPU.ActiveCfg = Debug|Any CPU
		{FD398CC4-9DA0-4921-86F8-AB1EF17E56A4}.Debug|Any CPU.Build.0 = Debug|Any CPU
		{FD398CC4-9DA0-4921-86F8-AB1EF17E56A4}.Release|Any CPU.ActiveCfg = Release|Any CPU
		{FD398CC4-9DA0-4921-86F8-AB1EF17E56A4}.Release|Any CPU.Build.0 = Release|Any CPU
		{560D65A0-5241-4279-882B-936CF58F30B5}.Debug|Any CPU.ActiveCfg = Debug|Any CPU
		{560D65A0-5241-4279-882B-936CF58F30B5}.Debug|Any CPU.Build.0 = Debug|Any CPU
		{560D65A0-5241-4279-882B-936CF58F30B5}.Release|Any CPU.ActiveCfg = Release|Any CPU
		{560D65A0-5241-4279-882B-936CF58F30B5}.Release|Any CPU.Build.0 = Release|Any CPU
		{6DA151B6-65C3-4AA4-BA52-D03F96262622}.Debug|Any CPU.ActiveCfg = Debug|Any CPU
		{6DA151B6-65C3-4AA4-BA52-D03F96262622}.Debug|Any CPU.Build.0 = Debug|Any CPU
		{6DA151B6-65C3-4AA4-BA52-D03F96262622}.Release|Any CPU.ActiveCfg = Release|Any CPU
		{6DA151B6-65C3-4AA4-BA52-D03F96262622}.Release|Any CPU.Build.0 = Release|Any CPU
		{B8E9744C-4B51-4D7A-BF01-4D72E62CA346}.Debug|Any CPU.ActiveCfg = Debug|Any CPU
		{B8E9744C-4B51-4D7A-BF01-4D72E62CA346}.Debug|Any CPU.Build.0 = Debug|Any CPU
		{B8E9744C-4B51-4D7A-BF01-4D72E62CA346}.Release|Any CPU.ActiveCfg = Release|Any CPU
		{B8E9744C-4B51-4D7A-BF01-4D72E62CA346}.Release|Any CPU.Build.0 = Release|Any CPU
		{F1F54627-2DB4-48FB-B02A-85C84548AED5}.Debug|Any CPU.ActiveCfg = Debug|Any CPU
		{F1F54627-2DB4-48FB-B02A-85C84548AED5}.Debug|Any CPU.Build.0 = Debug|Any CPU
		{F1F54627-2DB4-48FB-B02A-85C84548AED5}.Release|Any CPU.ActiveCfg = Release|Any CPU
		{F1F54627-2DB4-48FB-B02A-85C84548AED5}.Release|Any CPU.Build.0 = Release|Any CPU
		{F370F4A3-A510-49B8-87BE-C3F8ADD29819}.Debug|Any CPU.ActiveCfg = Debug|Any CPU
		{F370F4A3-A510-49B8-87BE-C3F8ADD29819}.Debug|Any CPU.Build.0 = Debug|Any CPU
		{F370F4A3-A510-49B8-87BE-C3F8ADD29819}.Release|Any CPU.ActiveCfg = Release|Any CPU
		{F370F4A3-A510-49B8-87BE-C3F8ADD29819}.Release|Any CPU.Build.0 = Release|Any CPU
	EndGlobalSection
	GlobalSection(SolutionProperties) = preSolution
		HideSolutionNode = FALSE
	EndGlobalSection
	GlobalSection(ExtensibilityGlobals) = postSolution
		SolutionGuid = {DA1F6694-65B9-4826-A5F3-3D4B927BBBE3}
	EndGlobalSection
EndGlobal
